{
  "object": {
    "pins": [
      {
        "package": "swift-log",
        "repositoryURL": "https://github.com/apple/swift-log.git",
        "state": {
          "branch": "master",
          "revision": "77b2e836f1a2573a30911933a60a52543f693f39",
          "version": null
        }
      }
    ]
  },
  "version": 1
}
